{
  "name": "nodejs",
  "version": "1.0.0",
  "lockfileVersion": 1,
  "requires": true,
  "dependencies": {
    "@mdi/font": {
      "version": "3.3.92",
      "resolved": "https://registry.npmjs.org/@mdi/font/-/font-3.3.92.tgz",
      "integrity": "sha512-Ux6iPfRjT9gHtejfss7aHBjgedLx8OrnX7Q+DuqgGYVkr9Amhi7cWFd745znrj7Y74pnjrs+uAbpohPK3ue5Ew=="
    },
    "bulma": {
      "version": "0.7.2",
      "resolved": "https://registry.npmjs.org/bulma/-/bulma-0.7.2.tgz",
      "integrity": "sha512-6JHEu8U/1xsyOst/El5ImLcZIiE2JFXgvrz8GGWbnDLwTNRPJzdAM0aoUM1Ns0avALcVb6KZz9NhzmU53dGDcQ=="
    }
  }
}
